hash: f4eb43aadc4e45e2a651d8b61b78fd740d7bdb1a0405fe0f33f4b907fa13d0d0
updated: 2018-01-31T11:08:12.718324-02:00
imports:
- name: github.com/aws/aws-sdk-go
  version: 1b176c5c6b57adb03bb982c21930e708ebca5a77
  subpackages:
  - aws
  - aws/awserr
  - aws/awsutil
  - aws/client
  - aws/client/metadata
  - aws/corehandlers
  - aws/credentials
  - aws/credentials/ec2rolecreds
  - aws/credentials/endpointcreds
  - aws/credentials/stscreds
  - aws/defaults
  - aws/ec2metadata
  - aws/endpoints
  - aws/request
  - aws/session
  - aws/signer/v4
  - internal/shareddefaults
  - private/protocol
  - private/protocol/query
  - private/protocol/query/queryutil
  - private/protocol/rest
  - private/protocol/xml/xmlutil
  - service/cloudwatch
  - service/sts
- name: github.com/beorn7/perks
  version: 4c0e84591b9aa9e6dcfdf3e020114cd81f89d5f9
  subpackages:
  - quantile
- name: github.com/ericchiang/k8s
  version: 68b0248f880c5967d1ba7166486cb216af849b15
  subpackages:
  - api/resource
  - api/unversioned
  - api/v1
  - apis/apps/v1alpha1
  - apis/apps/v1beta1
  - apis/authentication/v1
  - apis/authentication/v1beta1
  - apis/authorization/v1
  - apis/authorization/v1beta1
  - apis/autoscaling/v1
  - apis/autoscaling/v2alpha1
  - apis/batch/v1
  - apis/batch/v2alpha1
  - apis/certificates/v1alpha1
  - apis/certificates/v1beta1
  - apis/extensions/v1beta1
  - apis/imagepolicy/v1alpha1
  - apis/meta/v1
  - apis/policy/v1alpha1
  - apis/policy/v1beta1
  - apis/rbac/v1alpha1
  - apis/rbac/v1beta1
  - apis/settings/v1alpha1
  - apis/storage/v1
  - apis/storage/v1beta1
  - runtime
  - runtime/schema
  - util/intstr
  - watch/versioned
- name: github.com/ghodss/yaml
  version: 0ca9ea5df5451ffdf184b4428c902747c2c11cd7
- name: github.com/go-ini/ini
  version: 32e4c1e6bc4e7d0d8451aa6b75200d19e37a536a
- name: github.com/golang/protobuf
  version: 98fa357170587e470c5f27d3c3ea0947b71eb455
  subpackages:
  - proto
- name: github.com/jmespath/go-jmespath
  version: dd801d4f4ce7ac746e7e7b4489d2fa600b3b096b
- name: github.com/matttproud/golang_protobuf_extensions
  version: c12348ce28de40eed0136aa2b644d0ee0650e56c
  subpackages:
  - pbutil
- name: github.com/prometheus/client_golang
  version: 967789050ba94deca04a5e84cce8ad472ce313c1
  subpackages:
  - prometheus
  - prometheus/promhttp
- name: github.com/prometheus/client_model
  version: fa8ad6fec33561be4280a8f0514318c79d7f6cb6
  subpackages:
  - go
- name: github.com/prometheus/common
  version: dd2f054febf4a6c00f2343686efb775948a8bff4
  subpackages:
  - expfmt
  - internal/bitbucket.org/ww/goautoneg
  - model
- name: github.com/prometheus/procfs
  version: 1878d9fbb537119d24b21ca07effd591627cd160
- name: golang.org/x/net
  version: 45e771701b814666a7eb299e6c7a57d0b1799e91
  subpackages:
  - http2
  - http2/hpack
  - idna
  - lex/httplex
- name: gopkg.in/yaml.v2
  version: d670f9405373e636a5a2765eea47fac0c9bc91a4
testImports: []
